
Microsoft Visual Studio Solution File, Format Version 12.00
# Visual Studio Version 17
VisualStudioVersion = 17.2.32616.157
MinimumVisualStudioVersion = 10.0.40219.1
Project("{FAE04EC0-301F-11D3-BF4B-00C04F79EFBC}") = "AddressBookSystem", "AddressBookSystem\AddressBookSystem.csproj", "{B2CE4C77-DDBB-4988-921A-0680711DDD5B}"
EndProject
Global
	GlobalSection(SolutionConfigurationPlatforms) = preSolution
		Debug|Any CPU = Debug|Any CPU
		Release|Any CPU = Release|Any CPU
	EndGlobalSection
	GlobalSection(ProjectConfigurationPlatforms) = postSolution
		{B2CE4C77-DDBB-4988-921A-0680711DDD5B}.Debug|Any CPU.ActiveCfg = Debug|Any CPU
		{B2CE4C77-DDBB-4988-921A-0680711DDD5B}.Debug|Any CPU.Build.0 = Debug|Any CPU
		{B2CE4C77-DDBB-4988-921A-0680711DDD5B}.Release|Any CPU.ActiveCfg = Release|Any CPU
		{B2CE4C77-DDBB-4988-921A-0680711DDD5B}.Release|Any CPU.Build.0 = Release|Any CPU
	EndGlobalSection
	GlobalSection(SolutionProperties) = preSolution
		HideSolutionNode = FALSE
	EndGlobalSection
	GlobalSection(ExtensibilityGlobals) = postSolution
		SolutionGuid = {A7BA1686-38B0-408B-9F16-4B1D3BDC6F20}
	EndGlobalSection
EndGlobal
